
Microsoft Visual Studio Solution File, Format Version 12.00
# Visual Studio Version 17
VisualStudioVersion = 17.9.34728.123
MinimumVisualStudioVersion = 10.0.40219.1
Project("{9A19103F-16F7-4668-BE54-9A1E7A4F7556}") = "KafkaServer", "KafkaServer\KafkaServer.csproj", "{AA46185C-4935-4EBD-96B6-88BB090EB420}"
EndProject
Project("{9A19103F-16F7-4668-BE54-9A1E7A4F7556}") = "ClientApplication", "ClientApplication\ClientApplication.csproj", "{6D2C2F5F-B633-45FE-B61A-146788D61162}"
	ProjectSection(ProjectDependencies) = postProject
		{5C9E9855-D35A-4104-A210-3D27A463E4E8} = {5C9E9855-D35A-4104-A210-3D27A463E4E8}
	EndProjectSection
EndProject
Project("{9A19103F-16F7-4668-BE54-9A1E7A4F7556}") = "Shared", "Shared\Shared.csproj", "{5C9E9855-D35A-4104-A210-3D27A463E4E8}"
EndProject
Global
	GlobalSection(SolutionConfigurationPlatforms) = preSolution
		Debug|Any CPU = Debug|Any CPU
		Release|Any CPU = Release|Any CPU
	EndGlobalSection
	GlobalSection(ProjectConfigurationPlatforms) = postSolution
		{AA46185C-4935-4EBD-96B6-88BB090EB420}.Debug|Any CPU.ActiveCfg = Debug|Any CPU
		{AA46185C-4935-4EBD-96B6-88BB090EB420}.Debug|Any CPU.Build.0 = Debug|Any CPU
		{AA46185C-4935-4EBD-96B6-88BB090EB420}.Release|Any CPU.ActiveCfg = Release|Any CPU
		{AA46185C-4935-4EBD-96B6-88BB090EB420}.Release|Any CPU.Build.0 = Release|Any CPU
		{6D2C2F5F-B633-45FE-B61A-146788D61162}.Debug|Any CPU.ActiveCfg = Debug|Any CPU
		{6D2C2F5F-B633-45FE-B61A-146788D61162}.Debug|Any CPU.Build.0 = Debug|Any CPU
		{6D2C2F5F-B633-45FE-B61A-146788D61162}.Release|Any CPU.ActiveCfg = Release|Any CPU
		{6D2C2F5F-B633-45FE-B61A-146788D61162}.Release|Any CPU.Build.0 = Release|Any CPU
		{5C9E9855-D35A-4104-A210-3D27A463E4E8}.Debug|Any CPU.ActiveCfg = Debug|Any CPU
		{5C9E9855-D35A-4104-A210-3D27A463E4E8}.Debug|Any CPU.Build.0 = Debug|Any CPU
		{5C9E9855-D35A-4104-A210-3D27A463E4E8}.Release|Any CPU.ActiveCfg = Release|Any CPU
		{5C9E9855-D35A-4104-A210-3D27A463E4E8}.Release|Any CPU.Build.0 = Release|Any CPU
	EndGlobalSection
	GlobalSection(SolutionProperties) = preSolution
		HideSolutionNode = FALSE
	EndGlobalSection
	GlobalSection(ExtensibilityGlobals) = postSolution
		SolutionGuid = {4D22A279-D771-4C8E-A159-8A5DAE2D7B4E}
	EndGlobalSection
EndGlobal
